<?xml version="1.0" encoding="utf-8"?>
<Project ToolsVersion="16.0" xmlns="http://schemas.microsoft.com/developer/msbuild/2003">
  <ItemGroup>
    <ClCompile Include="C:\Users\JORMEN\Documents\SeaCo\forks\PythonFMU\pythonfmu\pythonfmu-export\src\cppfmu\cppfmu_cs.cpp">
      <Filter>Source Files</Filter>
    </ClCompile>
    <ClCompile Include="C:\Users\JORMEN\Documents\SeaCo\forks\PythonFMU\pythonfmu\pythonfmu-export\src\cppfmu\fmi_functions.cpp">
      <Filter>Source Files</Filter>
    </ClCompile>
    <ClCompile Include="C:\Users\JORMEN\Documents\SeaCo\forks\PythonFMU\pythonfmu\pythonfmu-export\src\pythonfmu\PySlaveInstance.cpp">
      <Filter>Source Files</Filter>
    </ClCompile>
  </ItemGroup>
  <ItemGroup>
    <ClInclude Include="C:\Users\JORMEN\Documents\SeaCo\forks\PythonFMU\pythonfmu\pythonfmu-export\src\cppfmu\cppfmu_cs.hpp">
      <Filter>Header Files</Filter>
    </ClInclude>
    <ClInclude Include="C:\Users\JORMEN\Documents\SeaCo\forks\PythonFMU\pythonfmu\pythonfmu-export\src\cppfmu\cppfmu_common.hpp">
      <Filter>Header Files</Filter>
    </ClInclude>
    <ClInclude Include="C:\Users\JORMEN\Documents\SeaCo\forks\PythonFMU\pythonfmu\pythonfmu-export\src\fmi\fmi2Functions.h">
      <Filter>Header Files</Filter>
    </ClInclude>
    <ClInclude Include="C:\Users\JORMEN\Documents\SeaCo\forks\PythonFMU\pythonfmu\pythonfmu-export\src\fmi\fmi2FunctionTypes.h">
      <Filter>Header Files</Filter>
    </ClInclude>
    <ClInclude Include="C:\Users\JORMEN\Documents\SeaCo\forks\PythonFMU\pythonfmu\pythonfmu-export\src\fmi\fmi2TypesPlatform.h">
      <Filter>Header Files</Filter>
    </ClInclude>
    <ClInclude Include="C:\Users\JORMEN\Documents\SeaCo\forks\PythonFMU\pythonfmu\pythonfmu-export\src\pythonfmu\PySlaveInstance.hpp">
      <Filter>Header Files</Filter>
    </ClInclude>
    <ClInclude Include="C:\Users\JORMEN\Documents\SeaCo\forks\PythonFMU\pythonfmu\pythonfmu-export\src\pythonfmu\PyState.hpp">
      <Filter>Header Files</Filter>
    </ClInclude>
  </ItemGroup>
  <ItemGroup>
    <CustomBuild Include="C:\Users\JORMEN\Documents\SeaCo\forks\PythonFMU\pythonfmu\pythonfmu-export\src\CMakeLists.txt" />
  </ItemGroup>
  <ItemGroup>
    <Filter Include="Header Files">
      <UniqueIdentifier>{46CF20B4-99E1-32F5-AEDB-E944D9E37485}</UniqueIdentifier>
    </Filter>
    <Filter Include="Source Files">
      <UniqueIdentifier>{8934DB49-A6D6-3A6C-B33F-2EE6C8C638E4}</UniqueIdentifier>
    </Filter>
  </ItemGroup>
</Project>
