
Microsoft Visual Studio Solution File, Format Version 12.00
# Visual Studio Version 16
Project("{8BC9CEB8-8B4A-11D0-8D11-00A0C91BC942}") = "ALL_BUILD", "ALL_BUILD.vcxproj", "{970195A6-8D5A-3048-92FB-86024BEE4655}"
	ProjectSection(ProjectDependencies) = postProject
		{21E20E4F-029B-3FF0-B87F-15AE80D97AEC} = {21E20E4F-029B-3FF0-B87F-15AE80D97AEC}
		{626DEC00-1953-3A21-8166-97D5323712F0} = {626DEC00-1953-3A21-8166-97D5323712F0}
	EndProjectSection
EndProject
Project("{8BC9CEB8-8B4A-11D0-8D11-00A0C91BC942}") = "ZERO_CHECK", "ZERO_CHECK.vcxproj", "{21E20E4F-029B-3FF0-B87F-15AE80D97AEC}"
	ProjectSection(ProjectDependencies) = postProject
	EndProjectSection
EndProject
Project("{8BC9CEB8-8B4A-11D0-8D11-00A0C91BC942}") = "pythonfmu-export", "src\pythonfmu-export.vcxproj", "{626DEC00-1953-3A21-8166-97D5323712F0}"
	ProjectSection(ProjectDependencies) = postProject
		{21E20E4F-029B-3FF0-B87F-15AE80D97AEC} = {21E20E4F-029B-3FF0-B87F-15AE80D97AEC}
	EndProjectSection
EndProject
Global
	GlobalSection(SolutionConfigurationPlatforms) = preSolution
		Debug|x64 = Debug|x64
		Release|x64 = Release|x64
		MinSizeRel|x64 = MinSizeRel|x64
		RelWithDebInfo|x64 = RelWithDebInfo|x64
	EndGlobalSection
	GlobalSection(ProjectConfigurationPlatforms) = postSolution
		{970195A6-8D5A-3048-92FB-86024BEE4655}.Debug|x64.ActiveCfg = Debug|x64
		{970195A6-8D5A-3048-92FB-86024BEE4655}.Release|x64.ActiveCfg = Release|x64
		{970195A6-8D5A-3048-92FB-86024BEE4655}.MinSizeRel|x64.ActiveCfg = MinSizeRel|x64
		{970195A6-8D5A-3048-92FB-86024BEE4655}.RelWithDebInfo|x64.ActiveCfg = RelWithDebInfo|x64
		{21E20E4F-029B-3FF0-B87F-15AE80D97AEC}.Debug|x64.ActiveCfg = Debug|x64
		{21E20E4F-029B-3FF0-B87F-15AE80D97AEC}.Debug|x64.Build.0 = Debug|x64
		{21E20E4F-029B-3FF0-B87F-15AE80D97AEC}.Release|x64.ActiveCfg = Release|x64
		{21E20E4F-029B-3FF0-B87F-15AE80D97AEC}.Release|x64.Build.0 = Release|x64
		{21E20E4F-029B-3FF0-B87F-15AE80D97AEC}.MinSizeRel|x64.ActiveCfg = MinSizeRel|x64
		{21E20E4F-029B-3FF0-B87F-15AE80D97AEC}.MinSizeRel|x64.Build.0 = MinSizeRel|x64
		{21E20E4F-029B-3FF0-B87F-15AE80D97AEC}.RelWithDebInfo|x64.ActiveCfg = RelWithDebInfo|x64
		{21E20E4F-029B-3FF0-B87F-15AE80D97AEC}.RelWithDebInfo|x64.Build.0 = RelWithDebInfo|x64
		{626DEC00-1953-3A21-8166-97D5323712F0}.Debug|x64.ActiveCfg = Debug|x64
		{626DEC00-1953-3A21-8166-97D5323712F0}.Debug|x64.Build.0 = Debug|x64
		{626DEC00-1953-3A21-8166-97D5323712F0}.Release|x64.ActiveCfg = Release|x64
		{626DEC00-1953-3A21-8166-97D5323712F0}.Release|x64.Build.0 = Release|x64
		{626DEC00-1953-3A21-8166-97D5323712F0}.MinSizeRel|x64.ActiveCfg = MinSizeRel|x64
		{626DEC00-1953-3A21-8166-97D5323712F0}.MinSizeRel|x64.Build.0 = MinSizeRel|x64
		{626DEC00-1953-3A21-8166-97D5323712F0}.RelWithDebInfo|x64.ActiveCfg = RelWithDebInfo|x64
		{626DEC00-1953-3A21-8166-97D5323712F0}.RelWithDebInfo|x64.Build.0 = RelWithDebInfo|x64
	EndGlobalSection
	GlobalSection(ExtensibilityGlobals) = postSolution
		SolutionGuid = {B192BE6F-6514-3B59-A8E5-9C302C89D1F0}
	EndGlobalSection
	GlobalSection(ExtensibilityAddIns) = postSolution
	EndGlobalSection
EndGlobal
