<?xml version="1.0" encoding="utf-8"?>
<Project ToolsVersion="16.0" xmlns="http://schemas.microsoft.com/developer/msbuild/2003">
  <ItemGroup>
    <CustomBuild Include="C:\Users\JORMEN\Documents\SeaCo\forks\PythonFMU\tmp-build\CMakeFiles\afb2be9bad7bcc76fdad8e4d79c7ac0b\generate.stamp.rule">
      <Filter>CMake Rules</Filter>
    </CustomBuild>
  </ItemGroup>
  <ItemGroup>
    <None Include="C:\Users\JORMEN\Documents\SeaCo\forks\PythonFMU\pythonfmu\pythonfmu-export\src\CMakeLists.txt">
      <Filter>Buildsystem Input Files\src</Filter>
    </None>
  </ItemGroup>
  <ItemGroup>
    <Filter Include="CMake Rules">
      <UniqueIdentifier>{6ADC98CC-24DC-3AAA-AFFE-B93A796ED86F}</UniqueIdentifier>
    </Filter>
    <Filter Include="Buildsystem Input Files\src">
      <UniqueIdentifier>{9993FF8E-3724-3578-9F7A-E7D74901FF60}</UniqueIdentifier>
    </Filter>
  </ItemGroup>
</Project>
